
Microsoft Visual Studio Solution File, Format Version 10.00
# Visual Studio 2008
Project("{FAE04EC0-301F-11D3-BF4B-00C04F79EFBC}") = "MuonLab.Web.Xhtml", "MuonLab.Web.Xhtml\MuonLab.Web.Xhtml.csproj", "{23A417A9-C102-44AE-BF68-6E42E5E998B9}"
EndProject
Project("{FAE04EC0-301F-11D3-BF4B-00C04F79EFBC}") = "MuonLab.Web.Xhtml.Tests", "MuonLab.Web.Xhtml.Tests\MuonLab.Web.Xhtml.Tests.csproj", "{CBA33D4C-EEDF-46CD-B5DD-C7DD3D424F3E}"
EndProject
Project("{FAE04EC0-301F-11D3-BF4B-00C04F79EFBC}") = "MuonLab.Commons", "MuonLab.Commons\MuonLab.Commons.csproj", "{1BABD557-40B3-4B98-881D-3D919E2790C1}"
EndProject
Project("{FAE04EC0-301F-11D3-BF4B-00C04F79EFBC}") = "MuonLab.Validation", "MuonLab.Validation\MuonLab.Validation.csproj", "{0B48AFFA-3213-42DC-8B4F-4D1696C35412}"
EndProject
Project("{FAE04EC0-301F-11D3-BF4B-00C04F79EFBC}") = "MuonLab.Validation.Reports", "MuonLab.Validation.Reports\MuonLab.Validation.Reports.csproj", "{96CAB9C4-633C-4EFA-BED7-CAA929F75A2E}"
EndProject
Project("{FAE04EC0-301F-11D3-BF4B-00C04F79EFBC}") = "MuonLab.Validation.Tests", "MuonLab.Validation.Tests\MuonLab.Validation.Tests.csproj", "{153980DB-6FDA-47F4-84A4-DB62739F00F7}"
EndProject
Project("{FAE04EC0-301F-11D3-BF4B-00C04F79EFBC}") = "MuonLab.Commons.StructureMap", "MuonLab.Commons.StructureMap\MuonLab.Commons.StructureMap.csproj", "{34066F38-D668-43CB-BAC2-129E88B59E6C}"
EndProject
Project("{FAE04EC0-301F-11D3-BF4B-00C04F79EFBC}") = "MuonLab.NHibernate", "MuonLab.NHibernate\MuonLab.NHibernate.csproj", "{F09CFAD6-49F1-41C2-9D62-624A363AC16F}"
EndProject
Project("{FAE04EC0-301F-11D3-BF4B-00C04F79EFBC}") = "MuonLab.Commons.Tests", "MuonLab.Commons.Tests\MuonLab.Commons.Tests.csproj", "{57A072F6-0D2A-4DF8-969C-B9703CE01F80}"
EndProject
Project("{FAE04EC0-301F-11D3-BF4B-00C04F79EFBC}") = "MuonLab.Testing", "MuonLab.Testing\MuonLab.Testing.csproj", "{467034A7-7E3B-471D-AA85-C957B559B72D}"
EndProject
Project("{FAE04EC0-301F-11D3-BF4B-00C04F79EFBC}") = "MuonLab.Web.Mvc", "MuonLab.Web.Mvc\MuonLab.Web.Mvc.csproj", "{887FA3DA-1033-4142-A0B1-B2152F98B9BC}"
EndProject
Project("{FAE04EC0-301F-11D3-BF4B-00C04F79EFBC}") = "MuonLab.Data", "MuonLab.Data\MuonLab.Data.csproj", "{2F960AC5-471C-4F60-98B5-B4D567AD97F5}"
EndProject
Project("{FAE04EC0-301F-11D3-BF4B-00C04F79EFBC}") = "MuonLab.Testing.Mvc", "MuonLab.Testing.Mvc\MuonLab.Testing.Mvc.csproj", "{AB8374B8-867D-4FF2-8FF8-76F0A8927DCF}"
EndProject
Project("{FAE04EC0-301F-11D3-BF4B-00C04F79EFBC}") = "MuonLab.Web.Mvc.Tests", "MuonLab.Web.Mvc.Tests\MuonLab.Web.Mvc.Tests.csproj", "{0D463020-B71E-4DC3-9443-EADAECCE41EE}"
EndProject
Project("{2150E333-8FDC-42A3-9474-1A3956D46DE8}") = "MuonKit", "MuonKit", "{8CAF4974-06DD-4BE4-A4D2-9D310797C302}"
	ProjectSection(SolutionItems) = preProject
		..\rakefile.rb = ..\rakefile.rb
	EndProjectSection
EndProject
Project("{2150E333-8FDC-42A3-9474-1A3956D46DE8}") = "Examples", "Examples", "{8549503B-50F0-4A31-ACE7-90B22EE6CC18}"
EndProject
Project("{FAE04EC0-301F-11D3-BF4B-00C04F79EFBC}") = "MuonKit.Examples.MvcApplication", "Examples\MuonKit.Examples.MvcApplication\MuonKit.Examples.MvcApplication.csproj", "{B1F08FD5-76DA-4D68-A6E3-08525FF780D4}"
EndProject
Project("{FAE04EC0-301F-11D3-BF4B-00C04F79EFBC}") = "MuonKit.Examples.Domain", "Examples\MuonKit.Examples.Domain\MuonKit.Examples.Domain.csproj", "{C2F7A5D7-3F75-4885-A6C3-8C607B483606}"
EndProject
Project("{FAE04EC0-301F-11D3-BF4B-00C04F79EFBC}") = "MuonKit.Examples.DatabaseUpgrader", "Examples\MuonKit.Examples.DatabaseUpgrader\MuonKit.Examples.DatabaseUpgrader.csproj", "{FEB9158B-1636-4006-BD50-70FF2AD38C06}"
EndProject
Project("{FAE04EC0-301F-11D3-BF4B-00C04F79EFBC}") = "MuonKit.Examples.WebForms", "Examples\MuonKit.Examples.WebForms\MuonKit.Examples.WebForms.csproj", "{127B4765-4842-435F-B80F-B5C3540D5B28}"
EndProject
Project("{FAE04EC0-301F-11D3-BF4B-00C04F79EFBC}") = "MuonLab.Web", "MuonLab.Web\MuonLab.Web.csproj", "{BCBBFC69-CE36-4262-AD8D-3A57DBF9FD03}"
EndProject
Project("{2150E333-8FDC-42A3-9474-1A3956D46DE8}") = "Tests", "Tests", "{F3A3F4A5-AF6C-4181-A073-9C18039D39C2}"
EndProject
Global
	GlobalSection(SolutionConfigurationPlatforms) = preSolution
		Debug|Any CPU = Debug|Any CPU
		Release|Any CPU = Release|Any CPU
	EndGlobalSection
	GlobalSection(ProjectConfigurationPlatforms) = postSolution
		{23A417A9-C102-44AE-BF68-6E42E5E998B9}.Debug|Any CPU.ActiveCfg = Debug|Any CPU
		{23A417A9-C102-44AE-BF68-6E42E5E998B9}.Debug|Any CPU.Build.0 = Debug|Any CPU
		{23A417A9-C102-44AE-BF68-6E42E5E998B9}.Release|Any CPU.ActiveCfg = Release|Any CPU
		{23A417A9-C102-44AE-BF68-6E42E5E998B9}.Release|Any CPU.Build.0 = Release|Any CPU
		{CBA33D4C-EEDF-46CD-B5DD-C7DD3D424F3E}.Debug|Any CPU.ActiveCfg = Debug|Any CPU
		{CBA33D4C-EEDF-46CD-B5DD-C7DD3D424F3E}.Debug|Any CPU.Build.0 = Debug|Any CPU
		{CBA33D4C-EEDF-46CD-B5DD-C7DD3D424F3E}.Release|Any CPU.ActiveCfg = Release|Any CPU
		{CBA33D4C-EEDF-46CD-B5DD-C7DD3D424F3E}.Release|Any CPU.Build.0 = Release|Any CPU
		{1BABD557-40B3-4B98-881D-3D919E2790C1}.Debug|Any CPU.ActiveCfg = Debug|Any CPU
		{1BABD557-40B3-4B98-881D-3D919E2790C1}.Debug|Any CPU.Build.0 = Debug|Any CPU
		{1BABD557-40B3-4B98-881D-3D919E2790C1}.Release|Any CPU.ActiveCfg = Release|Any CPU
		{1BABD557-40B3-4B98-881D-3D919E2790C1}.Release|Any CPU.Build.0 = Release|Any CPU
		{0B48AFFA-3213-42DC-8B4F-4D1696C35412}.Debug|Any CPU.ActiveCfg = Debug|Any CPU
		{0B48AFFA-3213-42DC-8B4F-4D1696C35412}.Debug|Any CPU.Build.0 = Debug|Any CPU
		{0B48AFFA-3213-42DC-8B4F-4D1696C35412}.Release|Any CPU.ActiveCfg = Release|Any CPU
		{0B48AFFA-3213-42DC-8B4F-4D1696C35412}.Release|Any CPU.Build.0 = Release|Any CPU
		{96CAB9C4-633C-4EFA-BED7-CAA929F75A2E}.Debug|Any CPU.ActiveCfg = Debug|Any CPU
		{96CAB9C4-633C-4EFA-BED7-CAA929F75A2E}.Debug|Any CPU.Build.0 = Debug|Any CPU
		{96CAB9C4-633C-4EFA-BED7-CAA929F75A2E}.Release|Any CPU.ActiveCfg = Release|Any CPU
		{96CAB9C4-633C-4EFA-BED7-CAA929F75A2E}.Release|Any CPU.Build.0 = Release|Any CPU
		{153980DB-6FDA-47F4-84A4-DB62739F00F7}.Debug|Any CPU.ActiveCfg = Debug|Any CPU
		{153980DB-6FDA-47F4-84A4-DB62739F00F7}.Debug|Any CPU.Build.0 = Debug|Any CPU
		{153980DB-6FDA-47F4-84A4-DB62739F00F7}.Release|Any CPU.ActiveCfg = Release|Any CPU
		{153980DB-6FDA-47F4-84A4-DB62739F00F7}.Release|Any CPU.Build.0 = Release|Any CPU
		{34066F38-D668-43CB-BAC2-129E88B59E6C}.Debug|Any CPU.ActiveCfg = Debug|Any CPU
		{34066F38-D668-43CB-BAC2-129E88B59E6C}.Debug|Any CPU.Build.0 = Debug|Any CPU
		{34066F38-D668-43CB-BAC2-129E88B59E6C}.Release|Any CPU.ActiveCfg = Release|Any CPU
		{34066F38-D668-43CB-BAC2-129E88B59E6C}.Release|Any CPU.Build.0 = Release|Any CPU
		{F09CFAD6-49F1-41C2-9D62-624A363AC16F}.Debug|Any CPU.ActiveCfg = Debug|Any CPU
		{F09CFAD6-49F1-41C2-9D62-624A363AC16F}.Debug|Any CPU.Build.0 = Debug|Any CPU
		{F09CFAD6-49F1-41C2-9D62-624A363AC16F}.Release|Any CPU.ActiveCfg = Release|Any CPU
		{F09CFAD6-49F1-41C2-9D62-624A363AC16F}.Release|Any CPU.Build.0 = Release|Any CPU
		{57A072F6-0D2A-4DF8-969C-B9703CE01F80}.Debug|Any CPU.ActiveCfg = Debug|Any CPU
		{57A072F6-0D2A-4DF8-969C-B9703CE01F80}.Debug|Any CPU.Build.0 = Debug|Any CPU
		{57A072F6-0D2A-4DF8-969C-B9703CE01F80}.Release|Any CPU.ActiveCfg = Release|Any CPU
		{57A072F6-0D2A-4DF8-969C-B9703CE01F80}.Release|Any CPU.Build.0 = Release|Any CPU
		{467034A7-7E3B-471D-AA85-C957B559B72D}.Debug|Any CPU.ActiveCfg = Debug|Any CPU
		{467034A7-7E3B-471D-AA85-C957B559B72D}.Debug|Any CPU.Build.0 = Debug|Any CPU
		{467034A7-7E3B-471D-AA85-C957B559B72D}.Release|Any CPU.ActiveCfg = Release|Any CPU
		{467034A7-7E3B-471D-AA85-C957B559B72D}.Release|Any CPU.Build.0 = Release|Any CPU
		{887FA3DA-1033-4142-A0B1-B2152F98B9BC}.Debug|Any CPU.ActiveCfg = Debug|Any CPU
		{887FA3DA-1033-4142-A0B1-B2152F98B9BC}.Debug|Any CPU.Build.0 = Debug|Any CPU
		{887FA3DA-1033-4142-A0B1-B2152F98B9BC}.Release|Any CPU.ActiveCfg = Release|Any CPU
		{887FA3DA-1033-4142-A0B1-B2152F98B9BC}.Release|Any CPU.Build.0 = Release|Any CPU
		{2F960AC5-471C-4F60-98B5-B4D567AD97F5}.Debug|Any CPU.ActiveCfg = Debug|Any CPU
		{2F960AC5-471C-4F60-98B5-B4D567AD97F5}.Debug|Any CPU.Build.0 = Debug|Any CPU
		{2F960AC5-471C-4F60-98B5-B4D567AD97F5}.Release|Any CPU.ActiveCfg = Release|Any CPU
		{2F960AC5-471C-4F60-98B5-B4D567AD97F5}.Release|Any CPU.Build.0 = Release|Any CPU
		{AB8374B8-867D-4FF2-8FF8-76F0A8927DCF}.Debug|Any CPU.ActiveCfg = Debug|Any CPU
		{AB8374B8-867D-4FF2-8FF8-76F0A8927DCF}.Debug|Any CPU.Build.0 = Debug|Any CPU
		{AB8374B8-867D-4FF2-8FF8-76F0A8927DCF}.Release|Any CPU.ActiveCfg = Release|Any CPU
		{AB8374B8-867D-4FF2-8FF8-76F0A8927DCF}.Release|Any CPU.Build.0 = Release|Any CPU
		{0D463020-B71E-4DC3-9443-EADAECCE41EE}.Debug|Any CPU.ActiveCfg = Debug|Any CPU
		{0D463020-B71E-4DC3-9443-EADAECCE41EE}.Debug|Any CPU.Build.0 = Debug|Any CPU
		{0D463020-B71E-4DC3-9443-EADAECCE41EE}.Release|Any CPU.ActiveCfg = Release|Any CPU
		{0D463020-B71E-4DC3-9443-EADAECCE41EE}.Release|Any CPU.Build.0 = Release|Any CPU
		{B1F08FD5-76DA-4D68-A6E3-08525FF780D4}.Debug|Any CPU.ActiveCfg = Debug|Any CPU
		{B1F08FD5-76DA-4D68-A6E3-08525FF780D4}.Debug|Any CPU.Build.0 = Debug|Any CPU
		{B1F08FD5-76DA-4D68-A6E3-08525FF780D4}.Release|Any CPU.ActiveCfg = Release|Any CPU
		{B1F08FD5-76DA-4D68-A6E3-08525FF780D4}.Release|Any CPU.Build.0 = Release|Any CPU
		{C2F7A5D7-3F75-4885-A6C3-8C607B483606}.Debug|Any CPU.ActiveCfg = Debug|Any CPU
		{C2F7A5D7-3F75-4885-A6C3-8C607B483606}.Debug|Any CPU.Build.0 = Debug|Any CPU
		{C2F7A5D7-3F75-4885-A6C3-8C607B483606}.Release|Any CPU.ActiveCfg = Release|Any CPU
		{C2F7A5D7-3F75-4885-A6C3-8C607B483606}.Release|Any CPU.Build.0 = Release|Any CPU
		{FEB9158B-1636-4006-BD50-70FF2AD38C06}.Debug|Any CPU.ActiveCfg = Debug|Any CPU
		{FEB9158B-1636-4006-BD50-70FF2AD38C06}.Debug|Any CPU.Build.0 = Debug|Any CPU
		{FEB9158B-1636-4006-BD50-70FF2AD38C06}.Release|Any CPU.ActiveCfg = Release|Any CPU
		{FEB9158B-1636-4006-BD50-70FF2AD38C06}.Release|Any CPU.Build.0 = Release|Any CPU
		{127B4765-4842-435F-B80F-B5C3540D5B28}.Debug|Any CPU.ActiveCfg = Debug|Any CPU
		{127B4765-4842-435F-B80F-B5C3540D5B28}.Debug|Any CPU.Build.0 = Debug|Any CPU
		{127B4765-4842-435F-B80F-B5C3540D5B28}.Release|Any CPU.ActiveCfg = Release|Any CPU
		{127B4765-4842-435F-B80F-B5C3540D5B28}.Release|Any CPU.Build.0 = Release|Any CPU
		{BCBBFC69-CE36-4262-AD8D-3A57DBF9FD03}.Debug|Any CPU.ActiveCfg = Debug|Any CPU
		{BCBBFC69-CE36-4262-AD8D-3A57DBF9FD03}.Debug|Any CPU.Build.0 = Debug|Any CPU
		{BCBBFC69-CE36-4262-AD8D-3A57DBF9FD03}.Release|Any CPU.ActiveCfg = Release|Any CPU
		{BCBBFC69-CE36-4262-AD8D-3A57DBF9FD03}.Release|Any CPU.Build.0 = Release|Any CPU
	EndGlobalSection
	GlobalSection(SolutionProperties) = preSolution
		HideSolutionNode = FALSE
	EndGlobalSection
	GlobalSection(NestedProjects) = preSolution
		{1BABD557-40B3-4B98-881D-3D919E2790C1} = {8CAF4974-06DD-4BE4-A4D2-9D310797C302}
		{0B48AFFA-3213-42DC-8B4F-4D1696C35412} = {8CAF4974-06DD-4BE4-A4D2-9D310797C302}
		{96CAB9C4-633C-4EFA-BED7-CAA929F75A2E} = {8CAF4974-06DD-4BE4-A4D2-9D310797C302}
		{34066F38-D668-43CB-BAC2-129E88B59E6C} = {8CAF4974-06DD-4BE4-A4D2-9D310797C302}
		{F09CFAD6-49F1-41C2-9D62-624A363AC16F} = {8CAF4974-06DD-4BE4-A4D2-9D310797C302}
		{467034A7-7E3B-471D-AA85-C957B559B72D} = {8CAF4974-06DD-4BE4-A4D2-9D310797C302}
		{887FA3DA-1033-4142-A0B1-B2152F98B9BC} = {8CAF4974-06DD-4BE4-A4D2-9D310797C302}
		{2F960AC5-471C-4F60-98B5-B4D567AD97F5} = {8CAF4974-06DD-4BE4-A4D2-9D310797C302}
		{AB8374B8-867D-4FF2-8FF8-76F0A8927DCF} = {8CAF4974-06DD-4BE4-A4D2-9D310797C302}
		{23A417A9-C102-44AE-BF68-6E42E5E998B9} = {8CAF4974-06DD-4BE4-A4D2-9D310797C302}
		{BCBBFC69-CE36-4262-AD8D-3A57DBF9FD03} = {8CAF4974-06DD-4BE4-A4D2-9D310797C302}
		{153980DB-6FDA-47F4-84A4-DB62739F00F7} = {F3A3F4A5-AF6C-4181-A073-9C18039D39C2}
		{57A072F6-0D2A-4DF8-969C-B9703CE01F80} = {F3A3F4A5-AF6C-4181-A073-9C18039D39C2}
		{0D463020-B71E-4DC3-9443-EADAECCE41EE} = {F3A3F4A5-AF6C-4181-A073-9C18039D39C2}
		{CBA33D4C-EEDF-46CD-B5DD-C7DD3D424F3E} = {F3A3F4A5-AF6C-4181-A073-9C18039D39C2}
		{B1F08FD5-76DA-4D68-A6E3-08525FF780D4} = {8549503B-50F0-4A31-ACE7-90B22EE6CC18}
		{C2F7A5D7-3F75-4885-A6C3-8C607B483606} = {8549503B-50F0-4A31-ACE7-90B22EE6CC18}
		{FEB9158B-1636-4006-BD50-70FF2AD38C06} = {8549503B-50F0-4A31-ACE7-90B22EE6CC18}
		{127B4765-4842-435F-B80F-B5C3540D5B28} = {8549503B-50F0-4A31-ACE7-90B22EE6CC18}
	EndGlobalSection
EndGlobal
